// !$*UTF8*$!
{
	archiveVersion = 1;
	classes = {
	};
	objectVersion = 46;
	objects = {

/* Begin PBXBuildFile section */
		84619D7E1ECBD0CB0003EA5F /* EventsCell.swift in Sources */ = {isa = PBXBuildFile; fileRef = 84619D7D1ECBD0CB0003EA5F /* EventsCell.swift */; };
		84921F251ECBDE6500DFCB74 /* ActivitiesCell.swift in Sources */ = {isa = PBXBuildFile; fileRef = 84921F241ECBDE6500DFCB74 /* ActivitiesCell.swift */; };
		84921F271ECBDE7300DFCB74 /* RankingCell.swift in Sources */ = {isa = PBXBuildFile; fileRef = 84921F261ECBDE7300DFCB74 /* RankingCell.swift */; };
		84CE23B21ED284DF001A17F7 /* PostCell.swift in Sources */ = {isa = PBXBuildFile; fileRef = 84CE23B11ED284DF001A17F7 /* PostCell.swift */; };
		84E19D811ECAA85900F60928 /* AppDelegate.swift in Sources */ = {isa = PBXBuildFile; fileRef = 84E19D801ECAA85900F60928 /* AppDelegate.swift */; };
		84E19D881ECAA85900F60928 /* Assets.xcassets in Resources */ = {isa = PBXBuildFile; fileRef = 84E19D871ECAA85900F60928 /* Assets.xcassets */; };
		84E19D8B1ECAA85900F60928 /* LaunchScreen.storyboard in Resources */ = {isa = PBXBuildFile; fileRef = 84E19D891ECAA85900F60928 /* LaunchScreen.storyboard */; };
		84E19D991ECAADCE00F60928 /* NavMenuController.swift in Sources */ = {isa = PBXBuildFile; fileRef = 84E19D981ECAADCE00F60928 /* NavMenuController.swift */; };
		84E19D9B1ECAAE1300F60928 /* ListCollectionViewController.swift in Sources */ = {isa = PBXBuildFile; fileRef = 84E19D9A1ECAAE1300F60928 /* ListCollectionViewController.swift */; };
		84E2B0221ECD406C00E2F184 /* ConstraintExtension.swift in Sources */ = {isa = PBXBuildFile; fileRef = 84E2B0211ECD406C00E2F184 /* ConstraintExtension.swift */; };
/* End PBXBuildFile section */

/* Begin PBXFileReference section */
		84619D7D1ECBD0CB0003EA5F /* EventsCell.swift */ = {isa = PBXFileReference; fileEncoding = 4; lastKnownFileType = sourcecode.swift; path = EventsCell.swift; sourceTree = "<group>"; };
		84921F241ECBDE6500DFCB74 /* ActivitiesCell.swift */ = {isa = PBXFileReference; fileEncoding = 4; lastKnownFileType = sourcecode.swift; path = ActivitiesCell.swift; sourceTree = "<group>"; };
		84921F261ECBDE7300DFCB74 /* RankingCell.swift */ = {isa = PBXFileReference; fileEncoding = 4; lastKnownFileType = sourcecode.swift; path = RankingCell.swift; sourceTree = "<group>"; };
		84CE23B11ED284DF001A17F7 /* PostCell.swift */ = {isa = PBXFileReference; fileEncoding = 4; lastKnownFileType = sourcecode.swift; path = PostCell.swift; sourceTree = "<group>"; };
		84E19D7D1ECAA85900F60928 /* LetsPlay.app */ = {isa = PBXFileReference; explicitFileType = wrapper.application; includeInIndex = 0; path = LetsPlay.app; sourceTree = BUILT_PRODUCTS_DIR; };
		84E19D801ECAA85900F60928 /* AppDelegate.swift */ = {isa = PBXFileReference; lastKnownFileType = sourcecode.swift; path = AppDelegate.swift; sourceTree = "<group>"; };
		84E19D871ECAA85900F60928 /* Assets.xcassets */ = {isa = PBXFileReference; lastKnownFileType = folder.assetcatalog; path = Assets.xcassets; sourceTree = "<group>"; };
		84E19D8A1ECAA85900F60928 /* Base */ = {isa = PBXFileReference; lastKnownFileType = file.storyboard; name = Base; path = Base.lproj/LaunchScreen.storyboard; sourceTree = "<group>"; };
		84E19D8C1ECAA85900F60928 /* Info.plist */ = {isa = PBXFileReference; lastKnownFileType = text.plist.xml; path = Info.plist; sourceTree = "<group>"; };
		84E19D981ECAADCE00F60928 /* NavMenuController.swift */ = {isa = PBXFileReference; fileEncoding = 4; lastKnownFileType = sourcecode.swift; path = NavMenuController.swift; sourceTree = "<group>"; };
		84E19D9A1ECAAE1300F60928 /* ListCollectionViewController.swift */ = {isa = PBXFileReference; fileEncoding = 4; lastKnownFileType = sourcecode.swift; path = ListCollectionViewController.swift; sourceTree = "<group>"; };
		84E2B0211ECD406C00E2F184 /* ConstraintExtension.swift */ = {isa = PBXFileReference; fileEncoding = 4; lastKnownFileType = sourcecode.swift; path = ConstraintExtension.swift; sourceTree = "<group>"; };
/* End PBXFileReference section */

/* Begin PBXFrameworksBuildPhase section */
		84E19D7A1ECAA85900F60928 /* Frameworks */ = {
			isa = PBXFrameworksBuildPhase;
			buildActionMask = 2147483647;
			files = (
			);
			runOnlyForDeploymentPostprocessing = 0;
		};
/* End PBXFrameworksBuildPhase section */

/* Begin PBXGroup section */
		84619D7F1ECBD1480003EA5F /* CustomCells */ = {
			isa = PBXGroup;
			children = (
				84E2B0211ECD406C00E2F184 /* ConstraintExtension.swift */,
				84619D7D1ECBD0CB0003EA5F /* EventsCell.swift */,
				84921F241ECBDE6500DFCB74 /* ActivitiesCell.swift */,
				84921F261ECBDE7300DFCB74 /* RankingCell.swift */,
				84CE23B11ED284DF001A17F7 /* PostCell.swift */,
			);
			name = CustomCells;
			sourceTree = "<group>";
		};
		84E19D741ECAA85900F60928 = {
			isa = PBXGroup;
			children = (
				84E19D7F1ECAA85900F60928 /* LetsPlay */,
				84E19D7E1ECAA85900F60928 /* Products */,
			);
			sourceTree = "<group>";
		};
		84E19D7E1ECAA85900F60928 /* Products */ = {
			isa = PBXGroup;
			children = (
				84E19D7D1ECAA85900F60928 /* LetsPlay.app */,
			);
			name = Products;
			sourceTree = "<group>";
		};
		84E19D7F1ECAA85900F60928 /* LetsPlay */ = {
			isa = PBXGroup;
			children = (
				84E19D801ECAA85900F60928 /* AppDelegate.swift */,
				84E19D981ECAADCE00F60928 /* NavMenuController.swift */,
				84E19D9A1ECAAE1300F60928 /* ListCollectionViewController.swift */,
				84619D7F1ECBD1480003EA5F /* CustomCells */,
				84E19D871ECAA85900F60928 /* Assets.xcassets */,
				84E19D891ECAA85900F60928 /* LaunchScreen.storyboard */,
				84E19D8C1ECAA85900F60928 /* Info.plist */,
			);
			path = LetsPlay;
			sourceTree = "<group>";
		};
/* End PBXGroup section */

/* Begin PBXNativeTarget section */
		84E19D7C1ECAA85900F60928 /* LetsPlay */ = {
			isa = PBXNativeTarget;
			buildConfigurationList = 84E19D8F1ECAA85900F60928 /* Build configuration list for PBXNativeTarget "LetsPlay" */;
			buildPhases = (
				84E19D791ECAA85900F60928 /* Sources */,
				84E19D7A1ECAA85900F60928 /* Frameworks */,
				84E19D7B1ECAA85900F60928 /* Resources */,
			);
			buildRules = (
			);
			dependencies = (
			);
			name = LetsPlay;
			productName = LetsPlay;
			productReference = 84E19D7D1ECAA85900F60928 /* LetsPlay.app */;
			productType = "com.apple.product-type.application";
		};
/* End PBXNativeTarget section */

/* Begin PBXProject section */
		84E19D751ECAA85900F60928 /* Project object */ = {
			isa = PBXProject;
			attributes = {
				LastSwiftUpdateCheck = 0830;
				LastUpgradeCheck = 0830;
				ORGANIZATIONNAME = Admin;
				TargetAttributes = {
					84E19D7C1ECAA85900F60928 = {
						CreatedOnToolsVersion = 8.3.2;
						ProvisioningStyle = Automatic;
					};
				};
			};
			buildConfigurationList = 84E19D781ECAA85900F60928 /* Build configuration list for PBXProject "LetsPlay" */;
			compatibilityVersion = "Xcode 3.2";
			developmentRegion = English;
			hasScannedForEncodings = 0;
			knownRegions = (
				en,
				Base,
			);
			mainGroup = 84E19D741ECAA85900F60928;
			productRefGroup = 84E19D7E1ECAA85900F60928 /* Products */;
			projectDirPath = "";
			projectRoot = "";
			targets = (
				84E19D7C1ECAA85900F60928 /* LetsPlay */,
			);
		};
/* End PBXProject section */

/* Begin PBXResourcesBuildPhase section */
		84E19D7B1ECAA85900F60928 /* Resources */ = {
			isa = PBXResourcesBuildPhase;
			buildActionMask = 2147483647;
			files = (
				84E19D8B1ECAA85900F60928 /* LaunchScreen.storyboard in Resources */,
				84E19D881ECAA85900F60928 /* Assets.xcassets in Resources */,
			);
			runOnlyForDeploymentPostprocessing = 0;
		};
/* End PBXResourcesBuildPhase section */

/* Begin PBXSourcesBuildPhase section */
		84E19D791ECAA85900F60928 /* Sources */ = {
			isa = PBXSourcesBuildPhase;
			buildActionMask = 2147483647;
			files = (
				84E2B0221ECD406C00E2F184 /* ConstraintExtension.swift in Sources */,
				84619D7E1ECBD0CB0003EA5F /* EventsCell.swift in Sources */,
				84E19D991ECAADCE00F60928 /* NavMenuController.swift in Sources */,
				84921F271ECBDE7300DFCB74 /* RankingCell.swift in Sources */,
				84921F251ECBDE6500DFCB74 /* ActivitiesCell.swift in Sources */,
				84E19D9B1ECAAE1300F60928 /* ListCollectionViewController.swift in Sources */,
				84E19D811ECAA85900F60928 /* AppDelegate.swift in Sources */,
				84CE23B21ED284DF001A17F7 /* PostCell.swift in Sources */,
			);
			runOnlyForDeploymentPostprocessing = 0;
		};
/* End PBXSourcesBuildPhase section */

/* Begin PBXVariantGroup section */
		84E19D891ECAA85900F60928 /* LaunchScreen.storyboard */ = {
			isa = PBXVariantGroup;
			children = (
				84E19D8A1ECAA85900F60928 /* Base */,
			);
			name = LaunchScreen.storyboard;
			sourceTree = "<group>";
		};
/* End PBXVariantGroup section */

/* Begin XCBuildConfiguration section */
		84E19D8D1ECAA85900F60928 /* Debug */ = {
			isa = XCBuildConfiguration;
			buildSettings = {
				ALWAYS_SEARCH_USER_PATHS = NO;
				CLANG_ANALYZER_NONNULL = YES;
				CLANG_ANALYZER_NUMBER_OBJECT_CONVERSION = YES_AGGRESSIVE;
				CLANG_CXX_LANGUAGE_STANDARD = "gnu++0x";
				CLANG_CXX_LIBRARY = "libc++";
				CLANG_ENABLE_MODULES = YES;
				CLANG_ENABLE_OBJC_ARC = YES;
				CLANG_WARN_BOOL_CONVERSION = YES;
				CLANG_WARN_CONSTANT_CONVERSION = YES;
				CLANG_WARN_DIRECT_OBJC_ISA_USAGE = YES_ERROR;
				CLANG_WARN_DOCUMENTATION_COMMENTS = YES;
				CLANG_WARN_EMPTY_BODY = YES;
				CLANG_WARN_ENUM_CONVERSION = YES;
				CLANG_WARN_INFINITE_RECURSION = YES;
				CLANG_WARN_INT_CONVERSION = YES;
				CLANG_WARN_OBJC_ROOT_CLASS = YES_ERROR;
				CLANG_WARN_SUSPICIOUS_MOVE = YES;
				CLANG_WARN_UNREACHABLE_CODE = YES;
				CLANG_WARN__DUPLICATE_METHOD_MATCH = YES;
				"CODE_SIGN_IDENTITY[sdk=iphoneos*]" = "iPhone Developer";
				COPY_PHASE_STRIP = NO;
				DEBUG_INFORMATION_FORMAT = dwarf;
				ENABLE_STRICT_OBJC_MSGSEND = YES;
				ENABLE_TESTABILITY = YES;
				GCC_C_LANGUAGE_STANDARD = gnu99;
				GCC_DYNAMIC_NO_PIC = NO;
				GCC_NO_COMMON_BLOCKS = YES;
				GCC_OPTIMIZATION_LEVEL = 0;
				GCC_PREPROCESSOR_DEFINITIONS = (
					"DEBUG=1",
					"$(inherited)",
				);
				GCC_WARN_64_TO_32_BIT_CONVERSION = YES;
				GCC_WARN_ABOUT_RETURN_TYPE = YES_ERROR;
				GCC_WARN_UNDECLARED_SELECTOR = YES;
				GCC_WARN_UNINITIALIZED_AUTOS = YES_AGGRESSIVE;
				GCC_WARN_UNUSED_FUNCTION = YES;
				GCC_WARN_UNUSED_VARIABLE = YES;
				IPHONEOS_DEPLOYMENT_TARGET = 10.3;
				MTL_ENABLE_DEBUG_INFO = YES;
				ONLY_ACTIVE_ARCH = YES;
				SDKROOT = iphoneos;
				SWIFT_ACTIVE_COMPILATION_CONDITIONS = DEBUG;
				SWIFT_OPTIMIZATION_LEVEL = "-Onone";
				TARGETED_DEVICE_FAMILY = "1,2";
			};
			name = Debug;
		};
		84E19D8E1ECAA85900F60928 /* Release */ = {
			isa = XCBuildConfiguration;
			buildSettings = {
				ALWAYS_SEARCH_USER_PATHS = NO;
				CLANG_ANALYZER_NONNULL = YES;
				CLANG_ANALYZER_NUMBER_OBJECT_CONVERSION = YES_AGGRESSIVE;
				CLANG_CXX_LANGUAGE_STANDARD = "gnu++0x";
				CLANG_CXX_LIBRARY = "libc++";
				CLANG_ENABLE_MODULES = YES;
				CLANG_ENABLE_OBJC_ARC = YES;
				CLANG_WARN_BOOL_CONVERSION = YES;
				CLANG_WARN_CONSTANT_CONVERSION = YES;
				CLANG_WARN_DIRECT_OBJC_ISA_USAGE = YES_ERROR;
				CLANG_WARN_DOCUMENTATION_COMMENTS = YES;
				CLANG_WARN_EMPTY_BODY = YES;
				CLANG_WARN_ENUM_CONVERSION = YES;
				CLANG_WARN_INFINITE_RECURSION = YES;
				CLANG_WARN_INT_CONVERSION = YES;
				CLANG_WARN_OBJC_ROOT_CLASS = YES_ERROR;
				CLANG_WARN_SUSPICIOUS_MOVE = YES;
				CLANG_WARN_UNREACHABLE_CODE = YES;
				CLANG_WARN__DUPLICATE_METHOD_MATCH = YES;
				"CODE_SIGN_IDENTITY[sdk=iphoneos*]" = "iPhone Developer";
				COPY_PHASE_STRIP = NO;
				DEBUG_INFORMATION_FORMAT = "dwarf-with-dsym";
				ENABLE_NS_ASSERTIONS = NO;
				ENABLE_STRICT_OBJC_MSGSEND = YES;
				GCC_C_LANGUAGE_STANDARD = gnu99;
				GCC_NO_COMMON_BLOCKS = YES;
				GCC_WARN_64_TO_32_BIT_CONVERSION = YES;
				GCC_WARN_ABOUT_RETURN_TYPE = YES_ERROR;
				GCC_WARN_UNDECLARED_SELECTOR = YES;
				GCC_WARN_UNINITIALIZED_AUTOS = YES_AGGRESSIVE;
				GCC_WARN_UNUSED_FUNCTION = YES;
				GCC_WARN_UNUSED_VARIABLE = YES;
				IPHONEOS_DEPLOYMENT_TARGET = 10.3;
				MTL_ENABLE_DEBUG_INFO = NO;
				SDKROOT = iphoneos;
				SWIFT_OPTIMIZATION_LEVEL = "-Owholemodule";
				TARGETED_DEVICE_FAMILY = "1,2";
				VALIDATE_PRODUCT = YES;
			};
			name = Release;
		};
		84E19D901ECAA85900F60928 /* Debug */ = {
			isa = XCBuildConfiguration;
			buildSettings = {
				ASSETCATALOG_COMPILER_APPICON_NAME = AppIcon;
				INFOPLIST_FILE = LetsPlay/Info.plist;
				LD_RUNPATH_SEARCH_PATHS = "$(inherited) @executable_path/Frameworks";
				PRODUCT_BUNDLE_IDENTIFIER = MyApp.LetsPlay;
				PRODUCT_NAME = "$(TARGET_NAME)";
				SWIFT_VERSION = 3.0;
			};
			name = Debug;
		};
		84E19D911ECAA85900F60928 /* Release */ = {
			isa = XCBuildConfiguration;
			buildSettings = {
				ASSETCATALOG_COMPILER_APPICON_NAME = AppIcon;
				INFOPLIST_FILE = LetsPlay/Info.plist;
				LD_RUNPATH_SEARCH_PATHS = "$(inherited) @executable_path/Frameworks";
				PRODUCT_BUNDLE_IDENTIFIER = MyApp.LetsPlay;
				PRODUCT_NAME = "$(TARGET_NAME)";
				SWIFT_VERSION = 3.0;
			};
			name = Release;
		};
/* End XCBuildConfiguration section */

/* Begin XCConfigurationList section */
		84E19D781ECAA85900F60928 /* Build configuration list for PBXProject "LetsPlay" */ = {
			isa = XCConfigurationList;
			buildConfigurations = (
				84E19D8D1ECAA85900F60928 /* Debug */,
				84E19D8E1ECAA85900F60928 /* Release */,
			);
			defaultConfigurationIsVisible = 0;
			defaultConfigurationName = Release;
		};
		84E19D8F1ECAA85900F60928 /* Build configuration list for PBXNativeTarget "LetsPlay" */ = {
			isa = XCConfigurationList;
			buildConfigurations = (
				84E19D901ECAA85900F60928 /* Debug */,
				84E19D911ECAA85900F60928 /* Release */,
			);
			defaultConfigurationIsVisible = 0;
			defaultConfigurationName = Release;
		};
/* End XCConfigurationList section */
	};
	rootObject = 84E19D751ECAA85900F60928 /* Project object */;
}
